<?xml version="1.0" encoding="utf-8"?>
<Project ToolsVersion="4.0" xmlns="http://schemas.microsoft.com/developer/msbuild/2003">
  <ItemGroup>
    <Filter Include="资源文件">
      <UniqueIdentifier>{67DA6AB6-F800-4c08-8B7A-83BB121AAD01}</UniqueIdentifier>
      <Extensions>rc;ico;cur;bmp;dlg;rc2;rct;bin;rgs;gif;jpg;jpeg;jpe;resx;tiff;tif;png;wav;mfcribbon-ms</Extensions>
    </Filter>
    <Filter Include="Data">
      <UniqueIdentifier>{ca37a24e-0e0e-419a-a0b4-c75eb74900b2}</UniqueIdentifier>
    </Filter>
    <Filter Include="Algorithm">
      <UniqueIdentifier>{4FC737F1-C7A5-4376-A066-2A32D752A2FF}</UniqueIdentifier>
      <Extensions>cpp;c;cc;cxx;def;odl;idl;hpj;bat;asm;asmx</Extensions>
    </Filter>
    <Filter Include="Utils">
      <UniqueIdentifier>{f767a38a-d169-485b-8c10-457c65a60750}</UniqueIdentifier>
    </Filter>
    <Filter Include="Algorithm\bottom">
      <UniqueIdentifier>{10dc61ae-f593-457f-a4d3-6de328cb87b4}</UniqueIdentifier>
    </Filter>
    <Filter Include="Algorithm\top">
      <UniqueIdentifier>{a22488d3-c559-4897-bfe7-06fb4574f5cc}</UniqueIdentifier>
    </Filter>
    <Filter Include="资源文件\GSRC">
      <UniqueIdentifier>{7c769cf0-d568-43e5-ba55-3839136aa9d9}</UniqueIdentifier>
    </Filter>
    <Filter Include="资源文件\MCNC">
      <UniqueIdentifier>{a4ead705-59a1-4258-9d5f-568d4bdbddf4}</UniqueIdentifier>
    </Filter>
  </ItemGroup>
  <ItemGroup>
    <ClCompile Include="Main.cpp" />
  </ItemGroup>
  <ItemGroup>
    <ClInclude Include="Rect.hpp">
      <Filter>Data</Filter>
    </ClInclude>
    <ClInclude Include="Instance.hpp">
      <Filter>Data</Filter>
    </ClInclude>
    <ClInclude Include="Utils.hpp">
      <Filter>Utils</Filter>
    </ClInclude>
    <ClInclude Include="FloorplanBinPack.hpp">
      <Filter>Algorithm\bottom</Filter>
    </ClInclude>
    <ClInclude Include="GuillotineBinPack.hpp">
      <Filter>Algorithm\bottom</Filter>
    </ClInclude>
    <ClInclude Include="SkylineBinPack.hpp">
      <Filter>Algorithm\bottom</Filter>
    </ClInclude>
    <ClInclude Include="QAPCluster.hpp">
      <Filter>Algorithm\top</Filter>
    </ClInclude>
    <ClInclude Include="AdaptiveSelection.hpp">
      <Filter>Algorithm\top</Filter>
    </ClInclude>
    <ClInclude Include="Config.hpp">
      <Filter>Data</Filter>
    </ClInclude>
  </ItemGroup>
  <ItemGroup>
    <None Include="..\Deploy\Instance\GSRC\HARD\n10.blocks">
      <Filter>资源文件\GSRC</Filter>
    </None>
    <None Include="..\Deploy\Instance\GSRC\HARD\n10.nets">
      <Filter>资源文件\GSRC</Filter>
    </None>
    <None Include="..\Deploy\Instance\GSRC\HARD\n10.pl">
      <Filter>资源文件\GSRC</Filter>
    </None>
    <None Include="..\Deploy\Instance\GSRC\HARD\n30.blocks">
      <Filter>资源文件\GSRC</Filter>
    </None>
    <None Include="..\Deploy\Instance\GSRC\HARD\n30.nets">
      <Filter>资源文件\GSRC</Filter>
    </None>
    <None Include="..\Deploy\Instance\GSRC\HARD\n30.pl">
      <Filter>资源文件\GSRC</Filter>
    </None>
    <None Include="..\Deploy\Instance\GSRC\HARD\n50.blocks">
      <Filter>资源文件\GSRC</Filter>
    </None>
    <None Include="..\Deploy\Instance\GSRC\HARD\n50.nets">
      <Filter>资源文件\GSRC</Filter>
    </None>
    <None Include="..\Deploy\Instance\GSRC\HARD\n50.pl">
      <Filter>资源文件\GSRC</Filter>
    </None>
    <None Include="..\Deploy\Instance\GSRC\HARD\n100.blocks">
      <Filter>资源文件\GSRC</Filter>
    </None>
    <None Include="..\Deploy\Instance\GSRC\HARD\n100.nets">
      <Filter>资源文件\GSRC</Filter>
    </None>
    <None Include="..\Deploy\Instance\GSRC\HARD\n100.pl">
      <Filter>资源文件\GSRC</Filter>
    </None>
    <None Include="..\Deploy\Instance\GSRC\HARD\n200.blocks">
      <Filter>资源文件\GSRC</Filter>
    </None>
    <None Include="..\Deploy\Instance\GSRC\HARD\n200.nets">
      <Filter>资源文件\GSRC</Filter>
    </None>
    <None Include="..\Deploy\Instance\GSRC\HARD\n200.pl">
      <Filter>资源文件\GSRC</Filter>
    </None>
    <None Include="..\Deploy\Instance\GSRC\HARD\n300.blocks">
      <Filter>资源文件\GSRC</Filter>
    </None>
    <None Include="..\Deploy\Instance\GSRC\HARD\n300.nets">
      <Filter>资源文件\GSRC</Filter>
    </None>
    <None Include="..\Deploy\Instance\GSRC\HARD\n300.pl">
      <Filter>资源文件\GSRC</Filter>
    </None>
    <None Include="..\Deploy\Instance\MCNC\HARD\ami33.blocks">
      <Filter>资源文件\MCNC</Filter>
    </None>
    <None Include="..\Deploy\Instance\MCNC\HARD\ami33.nets">
      <Filter>资源文件\MCNC</Filter>
    </None>
    <None Include="..\Deploy\Instance\MCNC\HARD\ami33.pl">
      <Filter>资源文件\MCNC</Filter>
    </None>
    <None Include="..\Deploy\Instance\MCNC\HARD\ami49.blocks">
      <Filter>资源文件\MCNC</Filter>
    </None>
    <None Include="..\Deploy\Instance\MCNC\HARD\ami49.nets">
      <Filter>资源文件\MCNC</Filter>
    </None>
    <None Include="..\Deploy\Instance\MCNC\HARD\ami49.pl">
      <Filter>资源文件\MCNC</Filter>
    </None>
    <None Include="..\Deploy\Instance\MCNC\HARD\apte.blocks">
      <Filter>资源文件\MCNC</Filter>
    </None>
    <None Include="..\Deploy\Instance\MCNC\HARD\apte.nets">
      <Filter>资源文件\MCNC</Filter>
    </None>
    <None Include="..\Deploy\Instance\MCNC\HARD\apte.pl">
      <Filter>资源文件\MCNC</Filter>
    </None>
    <None Include="..\Deploy\Instance\MCNC\HARD\hp.blocks">
      <Filter>资源文件\MCNC</Filter>
    </None>
    <None Include="..\Deploy\Instance\MCNC\HARD\hp.nets">
      <Filter>资源文件\MCNC</Filter>
    </None>
    <None Include="..\Deploy\Instance\MCNC\HARD\hp.pl">
      <Filter>资源文件\MCNC</Filter>
    </None>
    <None Include="..\Deploy\Instance\MCNC\HARD\xerox.blocks">
      <Filter>资源文件\MCNC</Filter>
    </None>
    <None Include="..\Deploy\Instance\MCNC\HARD\xerox.nets">
      <Filter>资源文件\MCNC</Filter>
    </None>
    <None Include="..\Deploy\Instance\MCNC\HARD\xerox.pl">
      <Filter>资源文件\MCNC</Filter>
    </None>
  </ItemGroup>
</Project>